
Microsoft Visual Studio Solution File, Format Version 12.00
# Visual Studio 14
VisualStudioVersion = 14.0.24720.0
MinimumVisualStudioVersion = 10.0.40219.1
Project("{FAE04EC0-301F-11D3-BF4B-00C04F79EFBC}") = "GolfDemo", "GolfDemo\GolfDemo.csproj", "{169D09C9-AB20-4F4E-8BFA-171081F0D5FF}"
EndProject
Project("{FAE04EC0-301F-11D3-BF4B-00C04F79EFBC}") = "GolfDemo.Test", "GolfDemo.Test\GolfDemo.Test.csproj", "{B6991FBE-2699-48AC-900B-F588E091DF97}"
EndProject
Global
	GlobalSection(SolutionConfigurationPlatforms) = preSolution
		Debug|Any CPU = Debug|Any CPU
		Release|Any CPU = Release|Any CPU
	EndGlobalSection
	GlobalSection(ProjectConfigurationPlatforms) = postSolution
		{169D09C9-AB20-4F4E-8BFA-171081F0D5FF}.Debug|Any CPU.ActiveCfg = Debug|Any CPU
		{169D09C9-AB20-4F4E-8BFA-171081F0D5FF}.Debug|Any CPU.Build.0 = Debug|Any CPU
		{169D09C9-AB20-4F4E-8BFA-171081F0D5FF}.Release|Any CPU.ActiveCfg = Release|Any CPU
		{169D09C9-AB20-4F4E-8BFA-171081F0D5FF}.Release|Any CPU.Build.0 = Release|Any CPU
		{B6991FBE-2699-48AC-900B-F588E091DF97}.Debug|Any CPU.ActiveCfg = Debug|Any CPU
		{B6991FBE-2699-48AC-900B-F588E091DF97}.Debug|Any CPU.Build.0 = Debug|Any CPU
		{B6991FBE-2699-48AC-900B-F588E091DF97}.Release|Any CPU.ActiveCfg = Release|Any CPU
		{B6991FBE-2699-48AC-900B-F588E091DF97}.Release|Any CPU.Build.0 = Release|Any CPU
	EndGlobalSection
	GlobalSection(SolutionProperties) = preSolution
		HideSolutionNode = FALSE
	EndGlobalSection
EndGlobal
